{
  "name": "toppkgtwo",
  "version": "0.0.0",
  "lockfileVersion": 2,
  "requires": true,
  "packages": {
    "": {
      "name": "toppkgtwo",
      "version": "0.0.0",
      "dependencies": {
        "pkg2": "file:../../packages/pkg2-0.0.1/pkg2-0.0.1.tgz"
      }
    },
    "node_modules/pkg2": {
      "version": "0.0.1",
      "resolved": "file:../../packages/pkg2-0.0.1/pkg2-0.0.1.tgz",
      "integrity": "sha512-kGM5N4gFrjBTVXq5lglCapv5sAJWDx7dhWYHRJ2hpw5pN7rWAmfSaGkweABELeJd0ylryRNINKsgS4p6Adt7/g==",
      "dependencies": {
        "pkg3": "file:../pkg3-1.0.0/pkg3-1.0.0.tgz"
      }
    },
    "node_modules/pkg3": {
      "version": "1.0.0",
      "resolved": "file:../../packages/pkg3-1.0.0/pkg3-1.0.0.tgz",
      "integrity": "sha512-JUfqaorkNujmxnA73YrcE3PVWlfg731Kf/TmgBBKBpeS6DCsWQdWy+tsk4zdDOf0Wv27R1e0868rDyshmTgMXw=="
    }
  },
  "dependencies": {
    "pkg2": {
      "version": "file:../../packages/pkg2-0.0.1/pkg2-0.0.1.tgz",
      "integrity": "sha512-kGM5N4gFrjBTVXq5lglCapv5sAJWDx7dhWYHRJ2hpw5pN7rWAmfSaGkweABELeJd0ylryRNINKsgS4p6Adt7/g==",
      "requires": {
        "pkg3": "file:../pkg3-1.0.0/pkg3-1.0.0.tgz"
      }
    },
    "pkg3": {
      "version": "file:../pkg3-1.0.0/pkg3-1.0.0.tgz",
      "integrity": "sha512-JUfqaorkNujmxnA73YrcE3PVWlfg731Kf/TmgBBKBpeS6DCsWQdWy+tsk4zdDOf0Wv27R1e0868rDyshmTgMXw=="
    }
  }
}
